
Microsoft Visual Studio Solution File, Format Version 12.00
# Visual Studio Version 16
VisualStudioVersion = 16.0.32228.343
MinimumVisualStudioVersion = 10.0.40219.1
Project("{FAE04EC0-301F-11D3-BF4B-00C04F79EFBC}") = "MySQLFun", "MySQLFun\MySQLFun.csproj", "{636180B6-FF35-4BF8-A8D5-FE25D5BF2E3B}"
EndProject
Global
	GlobalSection(SolutionConfigurationPlatforms) = preSolution
		Debug|Any CPU = Debug|Any CPU
		Release|Any CPU = Release|Any CPU
	EndGlobalSection
	GlobalSection(ProjectConfigurationPlatforms) = postSolution
		{636180B6-FF35-4BF8-A8D5-FE25D5BF2E3B}.Debug|Any CPU.ActiveCfg = Debug|Any CPU
		{636180B6-FF35-4BF8-A8D5-FE25D5BF2E3B}.Debug|Any CPU.Build.0 = Debug|Any CPU
		{636180B6-FF35-4BF8-A8D5-FE25D5BF2E3B}.Release|Any CPU.ActiveCfg = Release|Any CPU
		{636180B6-FF35-4BF8-A8D5-FE25D5BF2E3B}.Release|Any CPU.Build.0 = Release|Any CPU
	EndGlobalSection
	GlobalSection(SolutionProperties) = preSolution
		HideSolutionNode = FALSE
	EndGlobalSection
	GlobalSection(ExtensibilityGlobals) = postSolution
		SolutionGuid = {874A12B8-84DA-4910-BB4E-461E11DB4127}
	EndGlobalSection
EndGlobal
